
Microsoft Visual Studio Solution File, Format Version 12.00
# Visual Studio Version 16
VisualStudioVersion = 16.0.29215.179
MinimumVisualStudioVersion = 10.0.40219.1
Project("{FAE04EC0-301F-11D3-BF4B-00C04F79EFBC}") = "inclass assignment 2", "inclass assignment 2\inclass assignment 2.csproj", "{BBB8283C-20BB-40F1-B03D-D631E72BDE32}"
EndProject
Global
	GlobalSection(SolutionConfigurationPlatforms) = preSolution
		Debug|Any CPU = Debug|Any CPU
		Release|Any CPU = Release|Any CPU
	EndGlobalSection
	GlobalSection(ProjectConfigurationPlatforms) = postSolution
		{BBB8283C-20BB-40F1-B03D-D631E72BDE32}.Debug|Any CPU.ActiveCfg = Debug|Any CPU
		{BBB8283C-20BB-40F1-B03D-D631E72BDE32}.Debug|Any CPU.Build.0 = Debug|Any CPU
		{BBB8283C-20BB-40F1-B03D-D631E72BDE32}.Release|Any CPU.ActiveCfg = Release|Any CPU
		{BBB8283C-20BB-40F1-B03D-D631E72BDE32}.Release|Any CPU.Build.0 = Release|Any CPU
	EndGlobalSection
	GlobalSection(SolutionProperties) = preSolution
		HideSolutionNode = FALSE
	EndGlobalSection
	GlobalSection(ExtensibilityGlobals) = postSolution
		SolutionGuid = {2BAD4DBE-B567-4FB3-8D04-00484AACFBDC}
	EndGlobalSection
EndGlobal
